
Microsoft Visual Studio Solution File, Format Version 12.00
# Visual Studio Version 17
VisualStudioVersion = 17.8.34511.84
MinimumVisualStudioVersion = 10.0.40219.1
Project("{FAE04EC0-301F-11D3-BF4B-00C04F79EFBC}") = "ProjectMoviesAPI", "ProjectMoviesAPI\ProjectMoviesAPI.csproj", "{D8C6DA5A-BA69-4C99-AD51-5891755FCE63}"
EndProject
Project("{FAE04EC0-301F-11D3-BF4B-00C04F79EFBC}") = "Data", "Data\Data.csproj", "{806BA367-71E5-47BF-AECC-B9EE2098BC21}"
EndProject
Project("{FAE04EC0-301F-11D3-BF4B-00C04F79EFBC}") = "Services", "Services\Services.csproj", "{46B1139A-A1DC-4741-974E-6314D37F334B}"
EndProject
Global
	GlobalSection(SolutionConfigurationPlatforms) = preSolution
		Debug|Any CPU = Debug|Any CPU
		Release|Any CPU = Release|Any CPU
	EndGlobalSection
	GlobalSection(ProjectConfigurationPlatforms) = postSolution
		{D8C6DA5A-BA69-4C99-AD51-5891755FCE63}.Debug|Any CPU.ActiveCfg = Debug|Any CPU
		{D8C6DA5A-BA69-4C99-AD51-5891755FCE63}.Debug|Any CPU.Build.0 = Debug|Any CPU
		{D8C6DA5A-BA69-4C99-AD51-5891755FCE63}.Release|Any CPU.ActiveCfg = Release|Any CPU
		{D8C6DA5A-BA69-4C99-AD51-5891755FCE63}.Release|Any CPU.Build.0 = Release|Any CPU
		{806BA367-71E5-47BF-AECC-B9EE2098BC21}.Debug|Any CPU.ActiveCfg = Debug|Any CPU
		{806BA367-71E5-47BF-AECC-B9EE2098BC21}.Debug|Any CPU.Build.0 = Debug|Any CPU
		{806BA367-71E5-47BF-AECC-B9EE2098BC21}.Release|Any CPU.ActiveCfg = Release|Any CPU
		{806BA367-71E5-47BF-AECC-B9EE2098BC21}.Release|Any CPU.Build.0 = Release|Any CPU
		{46B1139A-A1DC-4741-974E-6314D37F334B}.Debug|Any CPU.ActiveCfg = Debug|Any CPU
		{46B1139A-A1DC-4741-974E-6314D37F334B}.Debug|Any CPU.Build.0 = Debug|Any CPU
		{46B1139A-A1DC-4741-974E-6314D37F334B}.Release|Any CPU.ActiveCfg = Release|Any CPU
		{46B1139A-A1DC-4741-974E-6314D37F334B}.Release|Any CPU.Build.0 = Release|Any CPU
	EndGlobalSection
	GlobalSection(SolutionProperties) = preSolution
		HideSolutionNode = FALSE
	EndGlobalSection
	GlobalSection(ExtensibilityGlobals) = postSolution
		SolutionGuid = {6B951461-53CC-4878-993F-6E6BFBD077F6}
	EndGlobalSection
EndGlobal
